
Microsoft Visual Studio Solution File, Format Version 12.00
# Visual Studio 14
VisualStudioVersion = 14.0.23107.0
MinimumVisualStudioVersion = 10.0.40219.1
Project("{FAE04EC0-301F-11D3-BF4B-00C04F79EFBC}") = "Akka.Cluster.Management", "Akka.Cluster.Management\Akka.Cluster.Management.csproj", "{50B0191E-002C-491A-857C-7C61F3AE865B}"
EndProject
Project("{FAE04EC0-301F-11D3-BF4B-00C04F79EFBC}") = "Akka.Cluster.Management.Tests", "Akka.Cluster.Management.Tests\Akka.Cluster.Management.Tests.csproj", "{6D88DF45-6780-4E8C-9FBC-70F1D35CA4F7}"
EndProject
Project("{FAE04EC0-301F-11D3-BF4B-00C04F79EFBC}") = "Akka.Cluster.Management.Consul", "Akka.Cluster.Management.Consul\Akka.Cluster.Management.Consul.csproj", "{814D0B92-5418-4A62-A172-A9A5804D5564}"
EndProject
Project("{FAE04EC0-301F-11D3-BF4B-00C04F79EFBC}") = "Akka.Cluster.Management.ServiceDiscovery", "Akka.Cluster.Management.ServiceDiscovery\Akka.Cluster.Management.ServiceDiscovery.csproj", "{6D8E7605-B993-4711-A475-C3B597C9D000}"
EndProject
Project("{FAE04EC0-301F-11D3-BF4B-00C04F79EFBC}") = "Akka.Cluster.Management.Consul.Tests", "Akka.Cluster.Management.Consul.Tests\Akka.Cluster.Management.Consul.Tests.csproj", "{045E7DDB-5BCE-4139-AD73-30BB817E810B}"
EndProject
Global
	GlobalSection(SolutionConfigurationPlatforms) = preSolution
		Debug|Any CPU = Debug|Any CPU
		Release|Any CPU = Release|Any CPU
	EndGlobalSection
	GlobalSection(ProjectConfigurationPlatforms) = postSolution
		{50B0191E-002C-491A-857C-7C61F3AE865B}.Debug|Any CPU.ActiveCfg = Debug|Any CPU
		{50B0191E-002C-491A-857C-7C61F3AE865B}.Debug|Any CPU.Build.0 = Debug|Any CPU
		{50B0191E-002C-491A-857C-7C61F3AE865B}.Release|Any CPU.ActiveCfg = Release|Any CPU
		{50B0191E-002C-491A-857C-7C61F3AE865B}.Release|Any CPU.Build.0 = Release|Any CPU
		{6D88DF45-6780-4E8C-9FBC-70F1D35CA4F7}.Debug|Any CPU.ActiveCfg = Debug|Any CPU
		{6D88DF45-6780-4E8C-9FBC-70F1D35CA4F7}.Debug|Any CPU.Build.0 = Debug|Any CPU
		{6D88DF45-6780-4E8C-9FBC-70F1D35CA4F7}.Release|Any CPU.ActiveCfg = Release|Any CPU
		{6D88DF45-6780-4E8C-9FBC-70F1D35CA4F7}.Release|Any CPU.Build.0 = Release|Any CPU
		{814D0B92-5418-4A62-A172-A9A5804D5564}.Debug|Any CPU.ActiveCfg = Debug|Any CPU
		{814D0B92-5418-4A62-A172-A9A5804D5564}.Debug|Any CPU.Build.0 = Debug|Any CPU
		{814D0B92-5418-4A62-A172-A9A5804D5564}.Release|Any CPU.ActiveCfg = Release|Any CPU
		{814D0B92-5418-4A62-A172-A9A5804D5564}.Release|Any CPU.Build.0 = Release|Any CPU
		{6D8E7605-B993-4711-A475-C3B597C9D000}.Debug|Any CPU.ActiveCfg = Debug|Any CPU
		{6D8E7605-B993-4711-A475-C3B597C9D000}.Debug|Any CPU.Build.0 = Debug|Any CPU
		{6D8E7605-B993-4711-A475-C3B597C9D000}.Release|Any CPU.ActiveCfg = Release|Any CPU
		{6D8E7605-B993-4711-A475-C3B597C9D000}.Release|Any CPU.Build.0 = Release|Any CPU
		{045E7DDB-5BCE-4139-AD73-30BB817E810B}.Debug|Any CPU.ActiveCfg = Debug|Any CPU
		{045E7DDB-5BCE-4139-AD73-30BB817E810B}.Debug|Any CPU.Build.0 = Debug|Any CPU
		{045E7DDB-5BCE-4139-AD73-30BB817E810B}.Release|Any CPU.ActiveCfg = Release|Any CPU
		{045E7DDB-5BCE-4139-AD73-30BB817E810B}.Release|Any CPU.Build.0 = Release|Any CPU
	EndGlobalSection
	GlobalSection(SolutionProperties) = preSolution
		HideSolutionNode = FALSE
	EndGlobalSection
EndGlobal
